PODS:
  - ZLAlipaySDK_No_UTDID (0.1.1)

DEPENDENCIES:
  - ZLAlipaySDK_No_UTDID (from `../`)

EXTERNAL SOURCES:
  ZLAlipaySDK_No_UTDID:
    :path: "../"

SPEC CHECKSUMS:
  ZLAlipaySDK_No_UTDID: 6cf077f38043e8f92aca5d8449fa9ad0fab5e050

PODFILE CHECKSUM: a3a82faed0d45d344fa021a49ea259289115c1b5

COCOAPODS: 1.9.3
