PODS:
  - ZLAlipaySDK_No_UTDID (0.1.2)

DEPENDENCIES:
  - ZLAlipaySDK_No_UTDID (from `../`)

EXTERNAL SOURCES:
  ZLAlipaySDK_No_UTDID:
    :path: "../"

SPEC CHECKSUMS:
  ZLAlipaySDK_No_UTDID: 8c80e2ae3c8198dfceadaa0c14feb9a6bb2a26db

PODFILE CHECKSUM: a3a82faed0d45d344fa021a49ea259289115c1b5

COCOAPODS: 1.9.3
