PODS:
  - UTDID (1.0.0)
  - ZLAlipaySDK_No_UTDID (0.1.3):
    - UTDID

DEPENDENCIES:
  - ZLAlipaySDK_No_UTDID (from `../`)

SPEC REPOS:
  trunk:
    - UTDID

EXTERNAL SOURCES:
  ZLAlipaySDK_No_UTDID:
    :path: "../"

SPEC CHECKSUMS:
  UTDID: 05c4737c8cf5c210e86d0235570816ed00e023e8
  ZLAlipaySDK_No_UTDID: 9f0df4ff21f60518d034ba8a42294f5ef7ce2fc4

PODFILE CHECKSUM: a3a82faed0d45d344fa021a49ea259289115c1b5

COCOAPODS: 1.9.3
